
Microsoft Visual Studio Solution File, Format Version 12.00
# Visual Studio Version 17
VisualStudioVersion = 17.7.34031.279
MinimumVisualStudioVersion = 10.0.40219.1
Project("{FAE04EC0-301F-11D3-BF4B-00C04F79EFBC}") = "GmodAddonCreator", "GmodAddonCreator.csproj", "{2B4854A6-9D83-467E-85AB-18E820F78383}"
EndProject
Global
	GlobalSection(SolutionConfigurationPlatforms) = preSolution
		Debug|Any CPU = Debug|Any CPU
		Release|Any CPU = Release|Any CPU
	EndGlobalSection
	GlobalSection(ProjectConfigurationPlatforms) = postSolution
		{2B4854A6-9D83-467E-85AB-18E820F78383}.Debug|Any CPU.ActiveCfg = Debug|Any CPU
		{2B4854A6-9D83-467E-85AB-18E820F78383}.Debug|Any CPU.Build.0 = Debug|Any CPU
		{2B4854A6-9D83-467E-85AB-18E820F78383}.Release|Any CPU.ActiveCfg = Release|Any CPU
		{2B4854A6-9D83-467E-85AB-18E820F78383}.Release|Any CPU.Build.0 = Release|Any CPU
	EndGlobalSection
	GlobalSection(SolutionProperties) = preSolution
		HideSolutionNode = FALSE
	EndGlobalSection
	GlobalSection(ExtensibilityGlobals) = postSolution
		SolutionGuid = {62126C11-DCCC-409D-987E-722F16DAF79B}
	EndGlobalSection
EndGlobal
